
Microsoft Visual Studio Solution File, Format Version 12.00
# Visual Studio Version 17
VisualStudioVersion = 17.10.34916.146
MinimumVisualStudioVersion = 10.0.40219.1
Project("{FAE04EC0-301F-11D3-BF4B-00C04F79EFBC}") = "Game2048", "Game2048.csproj", "{EFA25773-414F-4864-B8F8-D2FFEF697021}"
EndProject
Global
	GlobalSection(SolutionConfigurationPlatforms) = preSolution
		Debug|Any CPU = Debug|Any CPU
		Release|Any CPU = Release|Any CPU
	EndGlobalSection
	GlobalSection(ProjectConfigurationPlatforms) = postSolution
		{EFA25773-414F-4864-B8F8-D2FFEF697021}.Debug|Any CPU.ActiveCfg = Debug|Any CPU
		{EFA25773-414F-4864-B8F8-D2FFEF697021}.Debug|Any CPU.Build.0 = Debug|Any CPU
		{EFA25773-414F-4864-B8F8-D2FFEF697021}.Release|Any CPU.ActiveCfg = Release|Any CPU
		{EFA25773-414F-4864-B8F8-D2FFEF697021}.Release|Any CPU.Build.0 = Release|Any CPU
	EndGlobalSection
	GlobalSection(SolutionProperties) = preSolution
		HideSolutionNode = FALSE
	EndGlobalSection
	GlobalSection(ExtensibilityGlobals) = postSolution
		SolutionGuid = {B8A85B12-ACF2-4E51-B67A-3DF0AE7E2592}
	EndGlobalSection
EndGlobal
